
Microsoft Visual Studio Solution File, Format Version 12.00
# Visual Studio Version 16
VisualStudioVersion = 16.0.30717.126
MinimumVisualStudioVersion = 10.0.40219.1
Project("{FAE04EC0-301F-11D3-BF4B-00C04F79EFBC}") = "MVCCrud", "MVCCrud\MVCCrud.csproj", "{CA71FE41-640C-4D35-A59C-CB0B469E671E}"
EndProject
Global
	GlobalSection(SolutionConfigurationPlatforms) = preSolution
		Debug|Any CPU = Debug|Any CPU
		Release|Any CPU = Release|Any CPU
	EndGlobalSection
	GlobalSection(ProjectConfigurationPlatforms) = postSolution
		{CA71FE41-640C-4D35-A59C-CB0B469E671E}.Debug|Any CPU.ActiveCfg = Debug|Any CPU
		{CA71FE41-640C-4D35-A59C-CB0B469E671E}.Debug|Any CPU.Build.0 = Debug|Any CPU
		{CA71FE41-640C-4D35-A59C-CB0B469E671E}.Release|Any CPU.ActiveCfg = Release|Any CPU
		{CA71FE41-640C-4D35-A59C-CB0B469E671E}.Release|Any CPU.Build.0 = Release|Any CPU
	EndGlobalSection
	GlobalSection(SolutionProperties) = preSolution
		HideSolutionNode = FALSE
	EndGlobalSection
	GlobalSection(ExtensibilityGlobals) = postSolution
		SolutionGuid = {CEAB6CFA-6709-4402-ADE6-CB9306615428}
	EndGlobalSection
EndGlobal
